# This file is automatically @generated by Cargo.
# It is not intended for manual editing.
[[package]]
name = "c2-chacha"
version = "0.2.3"
source = "registry+https://github.com/rust-lang/crates.io-index"
dependencies = [
 "ppv-lite86 0.2.6 (registry+https://github.com/rust-lang/crates.io-index)",
]

[[package]]
name = "cfg-if"
version = "0.1.10"
source = "registry+https://github.com/rust-lang/crates.io-index"

[[package]]
name = "device_query"
version = "0.2.0"
source = "registry+https://github.com/rust-lang/crates.io-index"
dependencies = [
 "pkg-config 0.3.17 (registry+https://github.com/rust-lang/crates.io-index)",
 "readkey 0.1.7 (registry+https://github.com/rust-lang/crates.io-index)",
 "readmouse 0.2.1 (registry+https://github.com/rust-lang/crates.io-index)",
 "user32-sys 0.2.0 (registry+https://github.com/rust-lang/crates.io-index)",
 "winapi 0.2.8 (registry+https://github.com/rust-lang/crates.io-index)",
 "x11 2.18.1 (registry+https://github.com/rust-lang/crates.io-index)",
]

[[package]]
name = "getrandom"
version = "0.1.13"
source = "registry+https://github.com/rust-lang/crates.io-index"
dependencies = [
 "cfg-if 0.1.10 (registry+https://github.com/rust-lang/crates.io-index)",
 "libc 0.2.66 (registry+https://github.com/rust-lang/crates.io-index)",
 "wasi 0.7.0 (registry+https://github.com/rust-lang/crates.io-index)",
]

[[package]]
name = "libc"
version = "0.2.66"
source = "registry+https://github.com/rust-lang/crates.io-index"

[[package]]
name = "pkg-config"
version = "0.3.17"
source = "registry+https://github.com/rust-lang/crates.io-index"

[[package]]
name = "ppv-lite86"
version = "0.2.6"
source = "registry+https://github.com/rust-lang/crates.io-index"

[[package]]
name = "rand"
version = "0.7.2"
source = "registry+https://github.com/rust-lang/crates.io-index"
dependencies = [
 "getrandom 0.1.13 (registry+https://github.com/rust-lang/crates.io-index)",
 "libc 0.2.66 (registry+https://github.com/rust-lang/crates.io-index)",
 "rand_chacha 0.2.1 (registry+https://github.com/rust-lang/crates.io-index)",
 "rand_core 0.5.1 (registry+https://github.com/rust-lang/crates.io-index)",
 "rand_hc 0.2.0 (registry+https://github.com/rust-lang/crates.io-index)",
]

[[package]]
name = "rand_chacha"
version = "0.2.1"
source = "registry+https://github.com/rust-lang/crates.io-index"
dependencies = [
 "c2-chacha 0.2.3 (registry+https://github.com/rust-lang/crates.io-index)",
 "rand_core 0.5.1 (registry+https://github.com/rust-lang/crates.io-index)",
]

[[package]]
name = "rand_core"
version = "0.5.1"
source = "registry+https://github.com/rust-lang/crates.io-index"
dependencies = [
 "getrandom 0.1.13 (registry+https://github.com/rust-lang/crates.io-index)",
]

[[package]]
name = "rand_hc"
version = "0.2.0"
source = "registry+https://github.com/rust-lang/crates.io-index"
dependencies = [
 "rand_core 0.5.1 (registry+https://github.com/rust-lang/crates.io-index)",
]

[[package]]
name = "readkey"
version = "0.1.7"
source = "registry+https://github.com/rust-lang/crates.io-index"

[[package]]
name = "readmouse"
version = "0.2.1"
source = "registry+https://github.com/rust-lang/crates.io-index"

[[package]]
name = "rs_snake"
version = "0.1.0"
dependencies = [
 "device_query 0.2.0 (registry+https://github.com/rust-lang/crates.io-index)",
 "rand 0.7.2 (registry+https://github.com/rust-lang/crates.io-index)",
]

[[package]]
name = "user32-sys"
version = "0.2.0"
source = "registry+https://github.com/rust-lang/crates.io-index"
dependencies = [
 "winapi 0.2.8 (registry+https://github.com/rust-lang/crates.io-index)",
 "winapi-build 0.1.1 (registry+https://github.com/rust-lang/crates.io-index)",
]

[[package]]
name = "wasi"
version = "0.7.0"
source = "registry+https://github.com/rust-lang/crates.io-index"

[[package]]
name = "winapi"
version = "0.2.8"
source = "registry+https://github.com/rust-lang/crates.io-index"

[[package]]
name = "winapi-build"
version = "0.1.1"
source = "registry+https://github.com/rust-lang/crates.io-index"

[[package]]
name = "x11"
version = "2.18.1"
source = "registry+https://github.com/rust-lang/crates.io-index"
dependencies = [
 "libc 0.2.66 (registry+https://github.com/rust-lang/crates.io-index)",
 "pkg-config 0.3.17 (registry+https://github.com/rust-lang/crates.io-index)",
]

[metadata]
"checksum c2-chacha 0.2.3 (registry+https://github.com/rust-lang/crates.io-index)" = "214238caa1bf3a496ec3392968969cab8549f96ff30652c9e56885329315f6bb"
"checksum cfg-if 0.1.10 (registry+https://github.com/rust-lang/crates.io-index)" = "4785bdd1c96b2a846b2bd7cc02e86b6b3dbf14e7e53446c4f54c92a361040822"
"checksum device_query 0.2.0 (registry+https://github.com/rust-lang/crates.io-index)" = "43a3e8817b27aca5fc6d348c818a1a1b6ac7def5a1e8fd7edf91765ed8c18b8d"
"checksum getrandom 0.1.13 (registry+https://github.com/rust-lang/crates.io-index)" = "e7db7ca94ed4cd01190ceee0d8a8052f08a247aa1b469a7f68c6a3b71afcf407"
"checksum libc 0.2.66 (registry+https://github.com/rust-lang/crates.io-index)" = "d515b1f41455adea1313a4a2ac8a8a477634fbae63cc6100e3aebb207ce61558"
"checksum pkg-config 0.3.17 (registry+https://github.com/rust-lang/crates.io-index)" = "05da548ad6865900e60eaba7f589cc0783590a92e940c26953ff81ddbab2d677"
"checksum ppv-lite86 0.2.6 (registry+https://github.com/rust-lang/crates.io-index)" = "74490b50b9fbe561ac330df47c08f3f33073d2d00c150f719147d7c54522fa1b"
"checksum rand 0.7.2 (registry+https://github.com/rust-lang/crates.io-index)" = "3ae1b169243eaf61759b8475a998f0a385e42042370f3a7dbaf35246eacc8412"
"checksum rand_chacha 0.2.1 (registry+https://github.com/rust-lang/crates.io-index)" = "03a2a90da8c7523f554344f921aa97283eadf6ac484a6d2a7d0212fa7f8d6853"
"checksum rand_core 0.5.1 (registry+https://github.com/rust-lang/crates.io-index)" = "90bde5296fc891b0cef12a6d03ddccc162ce7b2aff54160af9338f8d40df6d19"
"checksum rand_hc 0.2.0 (registry+https://github.com/rust-lang/crates.io-index)" = "ca3129af7b92a17112d59ad498c6f81eaf463253766b90396d39ea7a39d6613c"
"checksum readkey 0.1.7 (registry+https://github.com/rust-lang/crates.io-index)" = "86d401b6d6a1725a59f1b4e813275d289dff3ad09c72b373a10a7a8217ba3146"
"checksum readmouse 0.2.1 (registry+https://github.com/rust-lang/crates.io-index)" = "be105c72a1e6a5a1198acee3d5b506a15676b74a02ecd78060042a447f408d94"
"checksum user32-sys 0.2.0 (registry+https://github.com/rust-lang/crates.io-index)" = "4ef4711d107b21b410a3a974b1204d9accc8b10dad75d8324b5d755de1617d47"
"checksum wasi 0.7.0 (registry+https://github.com/rust-lang/crates.io-index)" = "b89c3ce4ce14bdc6fb6beaf9ec7928ca331de5df7e5ea278375642a2f478570d"
"checksum winapi 0.2.8 (registry+https://github.com/rust-lang/crates.io-index)" = "167dc9d6949a9b857f3451275e911c3f44255842c1f7a76f33c55103a909087a"
"checksum winapi-build 0.1.1 (registry+https://github.com/rust-lang/crates.io-index)" = "2d315eee3b34aca4797b2da6b13ed88266e6d612562a0c46390af8299fc699bc"
"checksum x11 2.18.1 (registry+https://github.com/rust-lang/crates.io-index)" = "39697e3123f715483d311b5826e254b6f3cfebdd83cf7ef3358f579c3d68e235"
